
Microsoft Visual Studio Solution File, Format Version 12.00
Project("{FAE04EC0-301F-11D3-BF4B-00C04F79EFBC}") = "DAL.Impl", "DAL.Impl\DAL.Impl.csproj", "{5CDC90DF-A638-4B56-A6F0-21B9E4F600AA}"
EndProject
Project("{FAE04EC0-301F-11D3-BF4B-00C04F79EFBC}") = "BLL.Impl", "BLL.Impl\BLL.Impl.csproj", "{52C37647-B64E-4F8C-9ECF-8F17ED7F539B}"
EndProject
Project("{FAE04EC0-301F-11D3-BF4B-00C04F79EFBC}") = "DAL.Abstract", "DAL.Abstract\DAL.Abstract.csproj", "{669DDA45-D893-464E-83AB-7EAC4640877C}"
EndProject
Project("{FAE04EC0-301F-11D3-BF4B-00C04F79EFBC}") = "Entities", "Entities\Entities.csproj", "{4C3432F8-B413-4493-9751-FFD8C382B2F0}"
EndProject
Project("{FAE04EC0-301F-11D3-BF4B-00C04F79EFBC}") = "Models", "Models\Models.csproj", "{195F5EC5-A647-4F6F-97C8-481AC9B70855}"
EndProject
Project("{FAE04EC0-301F-11D3-BF4B-00C04F79EFBC}") = "BLL.Abstract", "BLL.Abstract\BLL.Abstract.csproj", "{81501F04-D59F-452E-96AE-5C909B155CBF}"
EndProject
Project("{FAE04EC0-301F-11D3-BF4B-00C04F79EFBC}") = "API", "API\API.csproj", "{9F81BEAC-6B36-4416-BD94-7789B1407020}"
EndProject
Global
	GlobalSection(SolutionConfigurationPlatforms) = preSolution
		Debug|Any CPU = Debug|Any CPU
		Release|Any CPU = Release|Any CPU
	EndGlobalSection
	GlobalSection(ProjectConfigurationPlatforms) = postSolution
		{5CDC90DF-A638-4B56-A6F0-21B9E4F600AA}.Debug|Any CPU.ActiveCfg = Debug|Any CPU
		{5CDC90DF-A638-4B56-A6F0-21B9E4F600AA}.Debug|Any CPU.Build.0 = Debug|Any CPU
		{5CDC90DF-A638-4B56-A6F0-21B9E4F600AA}.Release|Any CPU.ActiveCfg = Release|Any CPU
		{5CDC90DF-A638-4B56-A6F0-21B9E4F600AA}.Release|Any CPU.Build.0 = Release|Any CPU
		{52C37647-B64E-4F8C-9ECF-8F17ED7F539B}.Debug|Any CPU.ActiveCfg = Debug|Any CPU
		{52C37647-B64E-4F8C-9ECF-8F17ED7F539B}.Debug|Any CPU.Build.0 = Debug|Any CPU
		{52C37647-B64E-4F8C-9ECF-8F17ED7F539B}.Release|Any CPU.ActiveCfg = Release|Any CPU
		{52C37647-B64E-4F8C-9ECF-8F17ED7F539B}.Release|Any CPU.Build.0 = Release|Any CPU
		{669DDA45-D893-464E-83AB-7EAC4640877C}.Debug|Any CPU.ActiveCfg = Debug|Any CPU
		{669DDA45-D893-464E-83AB-7EAC4640877C}.Debug|Any CPU.Build.0 = Debug|Any CPU
		{669DDA45-D893-464E-83AB-7EAC4640877C}.Release|Any CPU.ActiveCfg = Release|Any CPU
		{669DDA45-D893-464E-83AB-7EAC4640877C}.Release|Any CPU.Build.0 = Release|Any CPU
		{4C3432F8-B413-4493-9751-FFD8C382B2F0}.Debug|Any CPU.ActiveCfg = Debug|Any CPU
		{4C3432F8-B413-4493-9751-FFD8C382B2F0}.Debug|Any CPU.Build.0 = Debug|Any CPU
		{4C3432F8-B413-4493-9751-FFD8C382B2F0}.Release|Any CPU.ActiveCfg = Release|Any CPU
		{4C3432F8-B413-4493-9751-FFD8C382B2F0}.Release|Any CPU.Build.0 = Release|Any CPU
		{195F5EC5-A647-4F6F-97C8-481AC9B70855}.Debug|Any CPU.ActiveCfg = Debug|Any CPU
		{195F5EC5-A647-4F6F-97C8-481AC9B70855}.Debug|Any CPU.Build.0 = Debug|Any CPU
		{195F5EC5-A647-4F6F-97C8-481AC9B70855}.Release|Any CPU.ActiveCfg = Release|Any CPU
		{195F5EC5-A647-4F6F-97C8-481AC9B70855}.Release|Any CPU.Build.0 = Release|Any CPU
		{81501F04-D59F-452E-96AE-5C909B155CBF}.Debug|Any CPU.ActiveCfg = Debug|Any CPU
		{81501F04-D59F-452E-96AE-5C909B155CBF}.Debug|Any CPU.Build.0 = Debug|Any CPU
		{81501F04-D59F-452E-96AE-5C909B155CBF}.Release|Any CPU.ActiveCfg = Release|Any CPU
		{81501F04-D59F-452E-96AE-5C909B155CBF}.Release|Any CPU.Build.0 = Release|Any CPU
		{9F81BEAC-6B36-4416-BD94-7789B1407020}.Debug|Any CPU.ActiveCfg = Debug|Any CPU
		{9F81BEAC-6B36-4416-BD94-7789B1407020}.Debug|Any CPU.Build.0 = Debug|Any CPU
		{9F81BEAC-6B36-4416-BD94-7789B1407020}.Release|Any CPU.ActiveCfg = Release|Any CPU
		{9F81BEAC-6B36-4416-BD94-7789B1407020}.Release|Any CPU.Build.0 = Release|Any CPU
	EndGlobalSection
EndGlobal
