
Microsoft Visual Studio Solution File, Format Version 12.00
Project("{FAE04EC0-301F-11D3-BF4B-00C04F79EFBC}") = "CSIS_DataAccess", "CSIS_DataAccess\CSIS_DataAccess.csproj", "{5CDC90DF-A638-4B56-A6F0-21B9E4F600AA}"
EndProject
Project("{FAE04EC0-301F-11D3-BF4B-00C04F79EFBC}") = "CSIS_BLL", "CSIS_BLL\CSIS_BLL.csproj", "{52C37647-B64E-4F8C-9ECF-8F17ED7F539B}"
EndProject
Project("{FAE04EC0-301F-11D3-BF4B-00C04F79EFBC}") = "CSIS_UIL", "CSIS_UIL\CSIS_UIL.csproj", "{7BC25590-23D0-4AFC-B5C2-CFDAD0309F43}"
EndProject
Global
	GlobalSection(SolutionConfigurationPlatforms) = preSolution
		Debug|Any CPU = Debug|Any CPU
		Release|Any CPU = Release|Any CPU
	EndGlobalSection
	GlobalSection(ProjectConfigurationPlatforms) = postSolution
		{5CDC90DF-A638-4B56-A6F0-21B9E4F600AA}.Debug|Any CPU.ActiveCfg = Debug|Any CPU
		{5CDC90DF-A638-4B56-A6F0-21B9E4F600AA}.Debug|Any CPU.Build.0 = Debug|Any CPU
		{5CDC90DF-A638-4B56-A6F0-21B9E4F600AA}.Release|Any CPU.ActiveCfg = Release|Any CPU
		{5CDC90DF-A638-4B56-A6F0-21B9E4F600AA}.Release|Any CPU.Build.0 = Release|Any CPU
		{52C37647-B64E-4F8C-9ECF-8F17ED7F539B}.Debug|Any CPU.ActiveCfg = Debug|Any CPU
		{52C37647-B64E-4F8C-9ECF-8F17ED7F539B}.Debug|Any CPU.Build.0 = Debug|Any CPU
		{52C37647-B64E-4F8C-9ECF-8F17ED7F539B}.Release|Any CPU.ActiveCfg = Release|Any CPU
		{52C37647-B64E-4F8C-9ECF-8F17ED7F539B}.Release|Any CPU.Build.0 = Release|Any CPU
		{7BC25590-23D0-4AFC-B5C2-CFDAD0309F43}.Debug|Any CPU.ActiveCfg = Debug|Any CPU
		{7BC25590-23D0-4AFC-B5C2-CFDAD0309F43}.Debug|Any CPU.Build.0 = Debug|Any CPU
		{7BC25590-23D0-4AFC-B5C2-CFDAD0309F43}.Release|Any CPU.ActiveCfg = Release|Any CPU
		{7BC25590-23D0-4AFC-B5C2-CFDAD0309F43}.Release|Any CPU.Build.0 = Release|Any CPU
	EndGlobalSection
EndGlobal
